PODS:
  - Charts (4.1.0):
    - Charts/Core (= 4.1.0)
  - Charts/Core (4.1.0):
    - SwiftAlgorithms (~> 1.0)
  - lottie-ios (4.2.0)
  - SwiftAlgorithms (1.0.0)

DEPENDENCIES:
  - Charts
  - lottie-ios

SPEC REPOS:
  trunk:
    - Charts
    - lottie-ios
    - SwiftAlgorithms

SPEC CHECKSUMS:
  Charts: 354f86803d11d9c35de280587fef50d1af063978
  lottie-ios: 809ecf2d460ed650a6aed7aa88b2ec45fab4779c
  SwiftAlgorithms: 38dda4731d19027fdeee1125f973111bf3386b53

PODFILE CHECKSUM: 8b4ba327b1c5cf45e6838b6921bea2040f04cb4c

COCOAPODS: 1.12.1
